
Microsoft Visual Studio Solution File, Format Version 12.00
# Visual Studio Version 17
VisualStudioVersion = 17.5.33502.453
MinimumVisualStudioVersion = 10.0.40219.1
Project("{9A19103F-16F7-4668-BE54-9A1E7A4F7556}") = "WebApplication2", "WebApplication2\WebApplication2.csproj", "{8D4231C9-64A5-46F9-958D-3617D4F04A11}"
EndProject
Project("{9A19103F-16F7-4668-BE54-9A1E7A4F7556}") = "WebApplication2.Models", "WebApplication.Models\WebApplication2.Models.csproj", "{90FD6A2B-6711-43D8-B8C2-305B20A683D7}"
EndProject
Project("{9A19103F-16F7-4668-BE54-9A1E7A4F7556}") = "WebApplication2Services", "WebApplication2Services\WebApplication2Services.csproj", "{F1D691D7-3BA5-4A96-B6B1-91DAE0C0200B}"
EndProject
Project("{FAE04EC0-301F-11D3-BF4B-00C04F79EFBC}") = "TaskAPI.DataAccess", "TaskAPI.DataAccess\TaskAPI.DataAccess.csproj", "{00A2C60B-CA8F-4F37-ADC5-A8EBBBC86BB2}"
EndProject
Global
	GlobalSection(SolutionConfigurationPlatforms) = preSolution
		Debug|Any CPU = Debug|Any CPU
		Release|Any CPU = Release|Any CPU
	EndGlobalSection
	GlobalSection(ProjectConfigurationPlatforms) = postSolution
		{8D4231C9-64A5-46F9-958D-3617D4F04A11}.Debug|Any CPU.ActiveCfg = Debug|Any CPU
		{8D4231C9-64A5-46F9-958D-3617D4F04A11}.Debug|Any CPU.Build.0 = Debug|Any CPU
		{8D4231C9-64A5-46F9-958D-3617D4F04A11}.Release|Any CPU.ActiveCfg = Release|Any CPU
		{8D4231C9-64A5-46F9-958D-3617D4F04A11}.Release|Any CPU.Build.0 = Release|Any CPU
		{90FD6A2B-6711-43D8-B8C2-305B20A683D7}.Debug|Any CPU.ActiveCfg = Debug|Any CPU
		{90FD6A2B-6711-43D8-B8C2-305B20A683D7}.Debug|Any CPU.Build.0 = Debug|Any CPU
		{90FD6A2B-6711-43D8-B8C2-305B20A683D7}.Release|Any CPU.ActiveCfg = Release|Any CPU
		{90FD6A2B-6711-43D8-B8C2-305B20A683D7}.Release|Any CPU.Build.0 = Release|Any CPU
		{F1D691D7-3BA5-4A96-B6B1-91DAE0C0200B}.Debug|Any CPU.ActiveCfg = Debug|Any CPU
		{F1D691D7-3BA5-4A96-B6B1-91DAE0C0200B}.Debug|Any CPU.Build.0 = Debug|Any CPU
		{F1D691D7-3BA5-4A96-B6B1-91DAE0C0200B}.Release|Any CPU.ActiveCfg = Release|Any CPU
		{F1D691D7-3BA5-4A96-B6B1-91DAE0C0200B}.Release|Any CPU.Build.0 = Release|Any CPU
		{00A2C60B-CA8F-4F37-ADC5-A8EBBBC86BB2}.Debug|Any CPU.ActiveCfg = Debug|Any CPU
		{00A2C60B-CA8F-4F37-ADC5-A8EBBBC86BB2}.Debug|Any CPU.Build.0 = Debug|Any CPU
		{00A2C60B-CA8F-4F37-ADC5-A8EBBBC86BB2}.Release|Any CPU.ActiveCfg = Release|Any CPU
		{00A2C60B-CA8F-4F37-ADC5-A8EBBBC86BB2}.Release|Any CPU.Build.0 = Release|Any CPU
	EndGlobalSection
	GlobalSection(SolutionProperties) = preSolution
		HideSolutionNode = FALSE
	EndGlobalSection
	GlobalSection(ExtensibilityGlobals) = postSolution
		SolutionGuid = {A5655000-4231-4F4C-B612-B5FAD19591A9}
	EndGlobalSection
EndGlobal
